// !$*UTF8*$!
{
	archiveVersion = 1;
	classes = {
	};
	objectVersion = 50;
	objects = {

/* Begin PBXBuildFile section */
		024F698724B46E33009B2A5E /* Weapon.swift in Sources */ = {isa = PBXBuildFile; fileRef = 024F698624B46E33009B2A5E /* Weapon.swift */; };
		024F698B24B46F50009B2A5E /* Race.swift in Sources */ = {isa = PBXBuildFile; fileRef = 024F698A24B46F50009B2A5E /* Race.swift */; };
		024F698D24B4733E009B2A5E /* Chest.swift in Sources */ = {isa = PBXBuildFile; fileRef = 024F698C24B4733E009B2A5E /* Chest.swift */; };
		024F698F24B47362009B2A5E /* Character.swift in Sources */ = {isa = PBXBuildFile; fileRef = 024F698E24B47362009B2A5E /* Character.swift */; };
		024F699124B47BBA009B2A5E /* Player.swift in Sources */ = {isa = PBXBuildFile; fileRef = 024F699024B47BBA009B2A5E /* Player.swift */; };
		02D7378224AF813C00F5A175 /* AppDelegate.swift in Sources */ = {isa = PBXBuildFile; fileRef = 02D7378124AF813C00F5A175 /* AppDelegate.swift */; };
		02D7378424AF813C00F5A175 /* SceneDelegate.swift in Sources */ = {isa = PBXBuildFile; fileRef = 02D7378324AF813C00F5A175 /* SceneDelegate.swift */; };
		02D7378924AF813C00F5A175 /* Main.storyboard in Resources */ = {isa = PBXBuildFile; fileRef = 02D7378724AF813C00F5A175 /* Main.storyboard */; };
		02D7378B24AF814100F5A175 /* Assets.xcassets in Resources */ = {isa = PBXBuildFile; fileRef = 02D7378A24AF814100F5A175 /* Assets.xcassets */; };
		02D7378E24AF814100F5A175 /* LaunchScreen.storyboard in Resources */ = {isa = PBXBuildFile; fileRef = 02D7378C24AF814100F5A175 /* LaunchScreen.storyboard */; };
		02D7379924AF814200F5A175 /* BattleGameTests.swift in Sources */ = {isa = PBXBuildFile; fileRef = 02D7379824AF814200F5A175 /* BattleGameTests.swift */; };
/* End PBXBuildFile section */

/* Begin PBXContainerItemProxy section */
		02D7379524AF814200F5A175 /* PBXContainerItemProxy */ = {
			isa = PBXContainerItemProxy;
			containerPortal = 02D7377624AF813C00F5A175 /* Project object */;
			proxyType = 1;
			remoteGlobalIDString = 02D7377D24AF813C00F5A175;
			remoteInfo = BattleGame;
		};
/* End PBXContainerItemProxy section */

/* Begin PBXFileReference section */
		024F698624B46E33009B2A5E /* Weapon.swift */ = {isa = PBXFileReference; lastKnownFileType = sourcecode.swift; path = Weapon.swift; sourceTree = "<group>"; };
		024F698A24B46F50009B2A5E /* Race.swift */ = {isa = PBXFileReference; lastKnownFileType = sourcecode.swift; path = Race.swift; sourceTree = "<group>"; };
		024F698C24B4733E009B2A5E /* Chest.swift */ = {isa = PBXFileReference; lastKnownFileType = sourcecode.swift; path = Chest.swift; sourceTree = "<group>"; };
		024F698E24B47362009B2A5E /* Character.swift */ = {isa = PBXFileReference; lastKnownFileType = sourcecode.swift; path = Character.swift; sourceTree = "<group>"; };
		024F699024B47BBA009B2A5E /* Player.swift */ = {isa = PBXFileReference; lastKnownFileType = sourcecode.swift; path = Player.swift; sourceTree = "<group>"; };
		02D7377E24AF813C00F5A175 /* BattleGame.app */ = {isa = PBXFileReference; explicitFileType = wrapper.application; includeInIndex = 0; path = BattleGame.app; sourceTree = BUILT_PRODUCTS_DIR; };
		02D7378124AF813C00F5A175 /* AppDelegate.swift */ = {isa = PBXFileReference; lastKnownFileType = sourcecode.swift; path = AppDelegate.swift; sourceTree = "<group>"; };
		02D7378324AF813C00F5A175 /* SceneDelegate.swift */ = {isa = PBXFileReference; lastKnownFileType = sourcecode.swift; path = SceneDelegate.swift; sourceTree = "<group>"; };
		02D7378824AF813C00F5A175 /* Base */ = {isa = PBXFileReference; lastKnownFileType = file.storyboard; name = Base; path = Base.lproj/Main.storyboard; sourceTree = "<group>"; };
		02D7378A24AF814100F5A175 /* Assets.xcassets */ = {isa = PBXFileReference; lastKnownFileType = folder.assetcatalog; path = Assets.xcassets; sourceTree = "<group>"; };
		02D7378D24AF814100F5A175 /* Base */ = {isa = PBXFileReference; lastKnownFileType = file.storyboard; name = Base; path = Base.lproj/LaunchScreen.storyboard; sourceTree = "<group>"; };
		02D7378F24AF814100F5A175 /* Info.plist */ = {isa = PBXFileReference; lastKnownFileType = text.plist.xml; path = Info.plist; sourceTree = "<group>"; };
		02D7379424AF814200F5A175 /* BattleGameTests.xctest */ = {isa = PBXFileReference; explicitFileType = wrapper.cfbundle; includeInIndex = 0; path = BattleGameTests.xctest; sourceTree = BUILT_PRODUCTS_DIR; };
		02D7379824AF814200F5A175 /* BattleGameTests.swift */ = {isa = PBXFileReference; lastKnownFileType = sourcecode.swift; path = BattleGameTests.swift; sourceTree = "<group>"; };
		02D7379A24AF814200F5A175 /* Info.plist */ = {isa = PBXFileReference; lastKnownFileType = text.plist.xml; path = Info.plist; sourceTree = "<group>"; };
/* End PBXFileReference section */

/* Begin PBXFrameworksBuildPhase section */
		02D7377B24AF813C00F5A175 /* Frameworks */ = {
			isa = PBXFrameworksBuildPhase;
			buildActionMask = 2147483647;
			files = (
			);
			runOnlyForDeploymentPostprocessing = 0;
		};
		02D7379124AF814200F5A175 /* Frameworks */ = {
			isa = PBXFrameworksBuildPhase;
			buildActionMask = 2147483647;
			files = (
			);
			runOnlyForDeploymentPostprocessing = 0;
		};
/* End PBXFrameworksBuildPhase section */

/* Begin PBXGroup section */
		02D7377524AF813C00F5A175 = {
			isa = PBXGroup;
			children = (
				02D7378024AF813C00F5A175 /* BattleGame */,
				02D7379724AF814200F5A175 /* BattleGameTests */,
				02D7377F24AF813C00F5A175 /* Products */,
			);
			sourceTree = "<group>";
		};
		02D7377F24AF813C00F5A175 /* Products */ = {
			isa = PBXGroup;
			children = (
				02D7377E24AF813C00F5A175 /* BattleGame.app */,
				02D7379424AF814200F5A175 /* BattleGameTests.xctest */,
			);
			name = Products;
			sourceTree = "<group>";
		};
		02D7378024AF813C00F5A175 /* BattleGame */ = {
			isa = PBXGroup;
			children = (
				02D737A524AF816900F5A175 /* Model */,
				02D737A424AF816200F5A175 /* Controller */,
				02D737A324AF815B00F5A175 /* View */,
				02D737A624AF817000F5A175 /* Ressources */,
				02D7378F24AF814100F5A175 /* Info.plist */,
			);
			path = BattleGame;
			sourceTree = "<group>";
		};
		02D7379724AF814200F5A175 /* BattleGameTests */ = {
			isa = PBXGroup;
			children = (
				02D7379824AF814200F5A175 /* BattleGameTests.swift */,
				02D7379A24AF814200F5A175 /* Info.plist */,
			);
			path = BattleGameTests;
			sourceTree = "<group>";
		};
		02D737A324AF815B00F5A175 /* View */ = {
			isa = PBXGroup;
			children = (
				02D7378724AF813C00F5A175 /* Main.storyboard */,
				02D7378C24AF814100F5A175 /* LaunchScreen.storyboard */,
			);
			path = View;
			sourceTree = "<group>";
		};
		02D737A424AF816200F5A175 /* Controller */ = {
			isa = PBXGroup;
			children = (
			);
			path = Controller;
			sourceTree = "<group>";
		};
		02D737A524AF816900F5A175 /* Model */ = {
			isa = PBXGroup;
			children = (
				024F699024B47BBA009B2A5E /* Player.swift */,
				024F698E24B47362009B2A5E /* Character.swift */,
				024F698A24B46F50009B2A5E /* Race.swift */,
				024F698624B46E33009B2A5E /* Weapon.swift */,
				024F698C24B4733E009B2A5E /* Chest.swift */,
			);
			path = Model;
			sourceTree = "<group>";
		};
		02D737A624AF817000F5A175 /* Ressources */ = {
			isa = PBXGroup;
			children = (
				02D7378A24AF814100F5A175 /* Assets.xcassets */,
				02D7378324AF813C00F5A175 /* SceneDelegate.swift */,
				02D7378124AF813C00F5A175 /* AppDelegate.swift */,
			);
			path = Ressources;
			sourceTree = "<group>";
		};
/* End PBXGroup section */

/* Begin PBXNativeTarget section */
		02D7377D24AF813C00F5A175 /* BattleGame */ = {
			isa = PBXNativeTarget;
			buildConfigurationList = 02D7379D24AF814200F5A175 /* Build configuration list for PBXNativeTarget "BattleGame" */;
			buildPhases = (
				02D7377A24AF813C00F5A175 /* Sources */,
				02D7377B24AF813C00F5A175 /* Frameworks */,
				02D7377C24AF813C00F5A175 /* Resources */,
			);
			buildRules = (
			);
			dependencies = (
			);
			name = BattleGame;
			productName = BattleGame;
			productReference = 02D7377E24AF813C00F5A175 /* BattleGame.app */;
			productType = "com.apple.product-type.application";
		};
		02D7379324AF814200F5A175 /* BattleGameTests */ = {
			isa = PBXNativeTarget;
			buildConfigurationList = 02D737A024AF814200F5A175 /* Build configuration list for PBXNativeTarget "BattleGameTests" */;
			buildPhases = (
				02D7379024AF814200F5A175 /* Sources */,
				02D7379124AF814200F5A175 /* Frameworks */,
				02D7379224AF814200F5A175 /* Resources */,
			);
			buildRules = (
			);
			dependencies = (
				02D7379624AF814200F5A175 /* PBXTargetDependency */,
			);
			name = BattleGameTests;
			productName = BattleGameTests;
			productReference = 02D7379424AF814200F5A175 /* BattleGameTests.xctest */;
			productType = "com.apple.product-type.bundle.unit-test";
		};
/* End PBXNativeTarget section */

/* Begin PBXProject section */
		02D7377624AF813C00F5A175 /* Project object */ = {
			isa = PBXProject;
			attributes = {
				LastSwiftUpdateCheck = 1150;
				LastUpgradeCheck = 1150;
				ORGANIZATIONNAME = "Jérôme Guèrin";
				TargetAttributes = {
					02D7377D24AF813C00F5A175 = {
						CreatedOnToolsVersion = 11.5;
					};
					02D7379324AF814200F5A175 = {
						CreatedOnToolsVersion = 11.5;
						TestTargetID = 02D7377D24AF813C00F5A175;
					};
				};
			};
			buildConfigurationList = 02D7377924AF813C00F5A175 /* Build configuration list for PBXProject "BattleGame" */;
			compatibilityVersion = "Xcode 9.3";
			developmentRegion = en;
			hasScannedForEncodings = 0;
			knownRegions = (
				en,
				Base,
			);
			mainGroup = 02D7377524AF813C00F5A175;
			productRefGroup = 02D7377F24AF813C00F5A175 /* Products */;
			projectDirPath = "";
			projectRoot = "";
			targets = (
				02D7377D24AF813C00F5A175 /* BattleGame */,
				02D7379324AF814200F5A175 /* BattleGameTests */,
			);
		};
/* End PBXProject section */

/* Begin PBXResourcesBuildPhase section */
		02D7377C24AF813C00F5A175 /* Resources */ = {
			isa = PBXResourcesBuildPhase;
			buildActionMask = 2147483647;
			files = (
				02D7378E24AF814100F5A175 /* LaunchScreen.storyboard in Resources */,
				02D7378B24AF814100F5A175 /* Assets.xcassets in Resources */,
				02D7378924AF813C00F5A175 /* Main.storyboard in Resources */,
			);
			runOnlyForDeploymentPostprocessing = 0;
		};
		02D7379224AF814200F5A175 /* Resources */ = {
			isa = PBXResourcesBuildPhase;
			buildActionMask = 2147483647;
			files = (
			);
			runOnlyForDeploymentPostprocessing = 0;
		};
/* End PBXResourcesBuildPhase section */

/* Begin PBXSourcesBuildPhase section */
		02D7377A24AF813C00F5A175 /* Sources */ = {
			isa = PBXSourcesBuildPhase;
			buildActionMask = 2147483647;
			files = (
				02D7378224AF813C00F5A175 /* AppDelegate.swift in Sources */,
				02D7378424AF813C00F5A175 /* SceneDelegate.swift in Sources */,
				024F698724B46E33009B2A5E /* Weapon.swift in Sources */,
				024F698F24B47362009B2A5E /* Character.swift in Sources */,
				024F699124B47BBA009B2A5E /* Player.swift in Sources */,
				024F698B24B46F50009B2A5E /* Race.swift in Sources */,
				024F698D24B4733E009B2A5E /* Chest.swift in Sources */,
			);
			runOnlyForDeploymentPostprocessing = 0;
		};
		02D7379024AF814200F5A175 /* Sources */ = {
			isa = PBXSourcesBuildPhase;
			buildActionMask = 2147483647;
			files = (
				02D7379924AF814200F5A175 /* BattleGameTests.swift in Sources */,
			);
			runOnlyForDeploymentPostprocessing = 0;
		};
/* End PBXSourcesBuildPhase section */

/* Begin PBXTargetDependency section */
		02D7379624AF814200F5A175 /* PBXTargetDependency */ = {
			isa = PBXTargetDependency;
			target = 02D7377D24AF813C00F5A175 /* BattleGame */;
			targetProxy = 02D7379524AF814200F5A175 /* PBXContainerItemProxy */;
		};
/* End PBXTargetDependency section */

/* Begin PBXVariantGroup section */
		02D7378724AF813C00F5A175 /* Main.storyboard */ = {
			isa = PBXVariantGroup;
			children = (
				02D7378824AF813C00F5A175 /* Base */,
			);
			name = Main.storyboard;
			sourceTree = "<group>";
		};
		02D7378C24AF814100F5A175 /* LaunchScreen.storyboard */ = {
			isa = PBXVariantGroup;
			children = (
				02D7378D24AF814100F5A175 /* Base */,
			);
			name = LaunchScreen.storyboard;
			sourceTree = "<group>";
		};
/* End PBXVariantGroup section */

/* Begin XCBuildConfiguration section */
		02D7379B24AF814200F5A175 /* Debug */ = {
			isa = XCBuildConfiguration;
			buildSettings = {
				ALWAYS_SEARCH_USER_PATHS = NO;
				CLANG_ANALYZER_NONNULL = YES;
				CLANG_ANALYZER_NUMBER_OBJECT_CONVERSION = YES_AGGRESSIVE;
				CLANG_CXX_LANGUAGE_STANDARD = "gnu++14";
				CLANG_CXX_LIBRARY = "libc++";
				CLANG_ENABLE_MODULES = YES;
				CLANG_ENABLE_OBJC_ARC = YES;
				CLANG_ENABLE_OBJC_WEAK = YES;
				CLANG_WARN_BLOCK_CAPTURE_AUTORELEASING = YES;
				CLANG_WARN_BOOL_CONVERSION = YES;
				CLANG_WARN_COMMA = YES;
				CLANG_WARN_CONSTANT_CONVERSION = YES;
				CLANG_WARN_DEPRECATED_OBJC_IMPLEMENTATIONS = YES;
				CLANG_WARN_DIRECT_OBJC_ISA_USAGE = YES_ERROR;
				CLANG_WARN_DOCUMENTATION_COMMENTS = YES;
				CLANG_WARN_EMPTY_BODY = YES;
				CLANG_WARN_ENUM_CONVERSION = YES;
				CLANG_WARN_INFINITE_RECURSION = YES;
				CLANG_WARN_INT_CONVERSION = YES;
				CLANG_WARN_NON_LITERAL_NULL_CONVERSION = YES;
				CLANG_WARN_OBJC_IMPLICIT_RETAIN_SELF = YES;
				CLANG_WARN_OBJC_LITERAL_CONVERSION = YES;
				CLANG_WARN_OBJC_ROOT_CLASS = YES_ERROR;
				CLANG_WARN_RANGE_LOOP_ANALYSIS = YES;
				CLANG_WARN_STRICT_PROTOTYPES = YES;
				CLANG_WARN_SUSPICIOUS_MOVE = YES;
				CLANG_WARN_UNGUARDED_AVAILABILITY = YES_AGGRESSIVE;
				CLANG_WARN_UNREACHABLE_CODE = YES;
				CLANG_WARN__DUPLICATE_METHOD_MATCH = YES;
				COPY_PHASE_STRIP = NO;
				DEBUG_INFORMATION_FORMAT = dwarf;
				ENABLE_STRICT_OBJC_MSGSEND = YES;
				ENABLE_TESTABILITY = YES;
				GCC_C_LANGUAGE_STANDARD = gnu11;
				GCC_DYNAMIC_NO_PIC = NO;
				GCC_NO_COMMON_BLOCKS = YES;
				GCC_OPTIMIZATION_LEVEL = 0;
				GCC_PREPROCESSOR_DEFINITIONS = (
					"DEBUG=1",
					"$(inherited)",
				);
				GCC_WARN_64_TO_32_BIT_CONVERSION = YES;
				GCC_WARN_ABOUT_RETURN_TYPE = YES_ERROR;
				GCC_WARN_UNDECLARED_SELECTOR = YES;
				GCC_WARN_UNINITIALIZED_AUTOS = YES_AGGRESSIVE;
				GCC_WARN_UNUSED_FUNCTION = YES;
				GCC_WARN_UNUSED_VARIABLE = YES;
				IPHONEOS_DEPLOYMENT_TARGET = 13.5;
				MTL_ENABLE_DEBUG_INFO = INCLUDE_SOURCE;
				MTL_FAST_MATH = YES;
				ONLY_ACTIVE_ARCH = YES;
				SDKROOT = iphoneos;
				SWIFT_ACTIVE_COMPILATION_CONDITIONS = DEBUG;
				SWIFT_OPTIMIZATION_LEVEL = "-Onone";
			};
			name = Debug;
		};
		02D7379C24AF814200F5A175 /* Release */ = {
			isa = XCBuildConfiguration;
			buildSettings = {
				ALWAYS_SEARCH_USER_PATHS = NO;
				CLANG_ANALYZER_NONNULL = YES;
				CLANG_ANALYZER_NUMBER_OBJECT_CONVERSION = YES_AGGRESSIVE;
				CLANG_CXX_LANGUAGE_STANDARD = "gnu++14";
				CLANG_CXX_LIBRARY = "libc++";
				CLANG_ENABLE_MODULES = YES;
				CLANG_ENABLE_OBJC_ARC = YES;
				CLANG_ENABLE_OBJC_WEAK = YES;
				CLANG_WARN_BLOCK_CAPTURE_AUTORELEASING = YES;
				CLANG_WARN_BOOL_CONVERSION = YES;
				CLANG_WARN_COMMA = YES;
				CLANG_WARN_CONSTANT_CONVERSION = YES;
				CLANG_WARN_DEPRECATED_OBJC_IMPLEMENTATIONS = YES;
				CLANG_WARN_DIRECT_OBJC_ISA_USAGE = YES_ERROR;
				CLANG_WARN_DOCUMENTATION_COMMENTS = YES;
				CLANG_WARN_EMPTY_BODY = YES;
				CLANG_WARN_ENUM_CONVERSION = YES;
				CLANG_WARN_INFINITE_RECURSION = YES;
				CLANG_WARN_INT_CONVERSION = YES;
				CLANG_WARN_NON_LITERAL_NULL_CONVERSION = YES;
				CLANG_WARN_OBJC_IMPLICIT_RETAIN_SELF = YES;
				CLANG_WARN_OBJC_LITERAL_CONVERSION = YES;
				CLANG_WARN_OBJC_ROOT_CLASS = YES_ERROR;
				CLANG_WARN_RANGE_LOOP_ANALYSIS = YES;
				CLANG_WARN_STRICT_PROTOTYPES = YES;
				CLANG_WARN_SUSPICIOUS_MOVE = YES;
				CLANG_WARN_UNGUARDED_AVAILABILITY = YES_AGGRESSIVE;
				CLANG_WARN_UNREACHABLE_CODE = YES;
				CLANG_WARN__DUPLICATE_METHOD_MATCH = YES;
				COPY_PHASE_STRIP = NO;
				DEBUG_INFORMATION_FORMAT = "dwarf-with-dsym";
				ENABLE_NS_ASSERTIONS = NO;
				ENABLE_STRICT_OBJC_MSGSEND = YES;
				GCC_C_LANGUAGE_STANDARD = gnu11;
				GCC_NO_COMMON_BLOCKS = YES;
				GCC_WARN_64_TO_32_BIT_CONVERSION = YES;
				GCC_WARN_ABOUT_RETURN_TYPE = YES_ERROR;
				GCC_WARN_UNDECLARED_SELECTOR = YES;
				GCC_WARN_UNINITIALIZED_AUTOS = YES_AGGRESSIVE;
				GCC_WARN_UNUSED_FUNCTION = YES;
				GCC_WARN_UNUSED_VARIABLE = YES;
				IPHONEOS_DEPLOYMENT_TARGET = 13.5;
				MTL_ENABLE_DEBUG_INFO = NO;
				MTL_FAST_MATH = YES;
				SDKROOT = iphoneos;
				SWIFT_COMPILATION_MODE = wholemodule;
				SWIFT_OPTIMIZATION_LEVEL = "-O";
				VALIDATE_PRODUCT = YES;
			};
			name = Release;
		};
		02D7379E24AF814200F5A175 /* Debug */ = {
			isa = XCBuildConfiguration;
			buildSettings = {
				ASSETCATALOG_COMPILER_APPICON_NAME = AppIcon;
				CODE_SIGN_STYLE = Automatic;
				DEVELOPMENT_TEAM = 7QG34LC43K;
				INFOPLIST_FILE = BattleGame/Info.plist;
				IPHONEOS_DEPLOYMENT_TARGET = 13.0;
				LD_RUNPATH_SEARCH_PATHS = (
					"$(inherited)",
					"@executable_path/Frameworks",
				);
				PRODUCT_BUNDLE_IDENTIFIER = com.frjerome.BattleGame;
				PRODUCT_NAME = "$(TARGET_NAME)";
				SWIFT_VERSION = 5.0;
				TARGETED_DEVICE_FAMILY = 1;
			};
			name = Debug;
		};
		02D7379F24AF814200F5A175 /* Release */ = {
			isa = XCBuildConfiguration;
			buildSettings = {
				ASSETCATALOG_COMPILER_APPICON_NAME = AppIcon;
				CODE_SIGN_STYLE = Automatic;
				DEVELOPMENT_TEAM = 7QG34LC43K;
				INFOPLIST_FILE = BattleGame/Info.plist;
				IPHONEOS_DEPLOYMENT_TARGET = 13.0;
				LD_RUNPATH_SEARCH_PATHS = (
					"$(inherited)",
					"@executable_path/Frameworks",
				);
				PRODUCT_BUNDLE_IDENTIFIER = com.frjerome.BattleGame;
				PRODUCT_NAME = "$(TARGET_NAME)";
				SWIFT_VERSION = 5.0;
				TARGETED_DEVICE_FAMILY = 1;
			};
			name = Release;
		};
		02D737A124AF814200F5A175 /* Debug */ = {
			isa = XCBuildConfiguration;
			buildSettings = {
				ALWAYS_EMBED_SWIFT_STANDARD_LIBRARIES = YES;
				BUNDLE_LOADER = "$(TEST_HOST)";
				CODE_SIGN_STYLE = Automatic;
				DEVELOPMENT_TEAM = 7QG34LC43K;
				INFOPLIST_FILE = BattleGameTests/Info.plist;
				IPHONEOS_DEPLOYMENT_TARGET = 13.5;
				LD_RUNPATH_SEARCH_PATHS = (
					"$(inherited)",
					"@executable_path/Frameworks",
					"@loader_path/Frameworks",
				);
				PRODUCT_BUNDLE_IDENTIFIER = com.frjerome.BattleGameTests;
				PRODUCT_NAME = "$(TARGET_NAME)";
				SWIFT_VERSION = 5.0;
				TARGETED_DEVICE_FAMILY = "1,2";
				TEST_HOST = "$(BUILT_PRODUCTS_DIR)/BattleGame.app/BattleGame";
			};
			name = Debug;
		};
		02D737A224AF814200F5A175 /* Release */ = {
			isa = XCBuildConfiguration;
			buildSettings = {
				ALWAYS_EMBED_SWIFT_STANDARD_LIBRARIES = YES;
				BUNDLE_LOADER = "$(TEST_HOST)";
				CODE_SIGN_STYLE = Automatic;
				DEVELOPMENT_TEAM = 7QG34LC43K;
				INFOPLIST_FILE = BattleGameTests/Info.plist;
				IPHONEOS_DEPLOYMENT_TARGET = 13.5;
				LD_RUNPATH_SEARCH_PATHS = (
					"$(inherited)",
					"@executable_path/Frameworks",
					"@loader_path/Frameworks",
				);
				PRODUCT_BUNDLE_IDENTIFIER = com.frjerome.BattleGameTests;
				PRODUCT_NAME = "$(TARGET_NAME)";
				SWIFT_VERSION = 5.0;
				TARGETED_DEVICE_FAMILY = "1,2";
				TEST_HOST = "$(BUILT_PRODUCTS_DIR)/BattleGame.app/BattleGame";
			};
			name = Release;
		};
/* End XCBuildConfiguration section */

/* Begin XCConfigurationList section */
		02D7377924AF813C00F5A175 /* Build configuration list for PBXProject "BattleGame" */ = {
			isa = XCConfigurationList;
			buildConfigurations = (
				02D7379B24AF814200F5A175 /* Debug */,
				02D7379C24AF814200F5A175 /* Release */,
			);
			defaultConfigurationIsVisible = 0;
			defaultConfigurationName = Release;
		};
		02D7379D24AF814200F5A175 /* Build configuration list for PBXNativeTarget "BattleGame" */ = {
			isa = XCConfigurationList;
			buildConfigurations = (
				02D7379E24AF814200F5A175 /* Debug */,
				02D7379F24AF814200F5A175 /* Release */,
			);
			defaultConfigurationIsVisible = 0;
			defaultConfigurationName = Release;
		};
		02D737A024AF814200F5A175 /* Build configuration list for PBXNativeTarget "BattleGameTests" */ = {
			isa = XCConfigurationList;
			buildConfigurations = (
				02D737A124AF814200F5A175 /* Debug */,
				02D737A224AF814200F5A175 /* Release */,
			);
			defaultConfigurationIsVisible = 0;
			defaultConfigurationName = Release;
		};
/* End XCConfigurationList section */
	};
	rootObject = 02D7377624AF813C00F5A175 /* Project object */;
}
